{
  "version": "4",
  "specifiers": {
    "jsr:@std/crypto@^1.0.4": "1.0.4",
    "jsr:@std/encoding@^1.0.9": "1.0.9"
  },
  "jsr": {
    "@std/crypto@1.0.4": {
      "integrity": "cee245c453bd5366207f4d8aa25ea3e9c86cecad2be3fefcaa6cb17203d79340"
    },
    "@std/encoding@1.0.9": {
      "integrity": "025b8f18eb1749bc30d1353bf48b77d1eb5e35610220fa226f5a046b9240c5d7"
    }
  },
  "workspace": {
    "dependencies": [
      "jsr:@std/crypto@^1.0.4",
      "jsr:@std/encoding@^1.0.9"
    ]
  }
}
